
Microsoft Visual Studio Solution File, Format Version 12.00
# Visual Studio Version 17
VisualStudioVersion = 17.4.33403.182
MinimumVisualStudioVersion = 10.0.40219.1
Project("{FAE04EC0-301F-11D3-BF4B-00C04F79EFBC}") = "Form1", "Form1\Form1.csproj", "{AD6492AD-AB95-44AD-BEC7-C53BBC909EB7}"
EndProject
Global
	GlobalSection(SolutionConfigurationPlatforms) = preSolution
		Debug|Any CPU = Debug|Any CPU
		Release|Any CPU = Release|Any CPU
	EndGlobalSection
	GlobalSection(ProjectConfigurationPlatforms) = postSolution
		{AD6492AD-AB95-44AD-BEC7-C53BBC909EB7}.Debug|Any CPU.ActiveCfg = Debug|Any CPU
		{AD6492AD-AB95-44AD-BEC7-C53BBC909EB7}.Debug|Any CPU.Build.0 = Debug|Any CPU
		{AD6492AD-AB95-44AD-BEC7-C53BBC909EB7}.Release|Any CPU.ActiveCfg = Release|Any CPU
		{AD6492AD-AB95-44AD-BEC7-C53BBC909EB7}.Release|Any CPU.Build.0 = Release|Any CPU
	EndGlobalSection
	GlobalSection(SolutionProperties) = preSolution
		HideSolutionNode = FALSE
	EndGlobalSection
	GlobalSection(ExtensibilityGlobals) = postSolution
		SolutionGuid = {2142F608-9AD5-4607-8E0C-EB10C6082063}
	EndGlobalSection
EndGlobal
